
Microsoft Visual Studio Solution File, Format Version 12.00
# Visual Studio 15
VisualStudioVersion = 15.0.28010.2050
MinimumVisualStudioVersion = 10.0.40219.1
Project("{FAE04EC0-301F-11D3-BF4B-00C04F79EFBC}") = "CountryFlag", "CountryFlag\CountryFlag.csproj", "{32A03644-71CC-4E6A-AD66-A1C779154A5C}"
EndProject
Project("{9A19103F-16F7-4668-BE54-9A1E7A4F7556}") = "CountryFlag.Tests", "CountryFlag.Tests\CountryFlag.Tests.csproj", "{5A9E54C1-5E3C-43EC-8653-474E419F0E6B}"
EndProject
Global
	GlobalSection(SolutionConfigurationPlatforms) = preSolution
		Debug|Any CPU = Debug|Any CPU
		Release|Any CPU = Release|Any CPU
	EndGlobalSection
	GlobalSection(ProjectConfigurationPlatforms) = postSolution
		{32A03644-71CC-4E6A-AD66-A1C779154A5C}.Debug|Any CPU.ActiveCfg = Debug|Any CPU
		{32A03644-71CC-4E6A-AD66-A1C779154A5C}.Debug|Any CPU.Build.0 = Debug|Any CPU
		{32A03644-71CC-4E6A-AD66-A1C779154A5C}.Release|Any CPU.ActiveCfg = Release|Any CPU
		{32A03644-71CC-4E6A-AD66-A1C779154A5C}.Release|Any CPU.Build.0 = Release|Any CPU
		{5A9E54C1-5E3C-43EC-8653-474E419F0E6B}.Debug|Any CPU.ActiveCfg = Debug|Any CPU
		{5A9E54C1-5E3C-43EC-8653-474E419F0E6B}.Debug|Any CPU.Build.0 = Debug|Any CPU
		{5A9E54C1-5E3C-43EC-8653-474E419F0E6B}.Release|Any CPU.ActiveCfg = Release|Any CPU
		{5A9E54C1-5E3C-43EC-8653-474E419F0E6B}.Release|Any CPU.Build.0 = Release|Any CPU
	EndGlobalSection
	GlobalSection(SolutionProperties) = preSolution
		HideSolutionNode = FALSE
	EndGlobalSection
	GlobalSection(ExtensibilityGlobals) = postSolution
		SolutionGuid = {76B0C957-F8F3-4DD8-B622-14996AB12D10}
	EndGlobalSection
EndGlobal
