
Microsoft Visual Studio Solution File, Format Version 12.00
# Visual Studio 15
VisualStudioVersion = 15.0.28010.2046
MinimumVisualStudioVersion = 10.0.40219.1
Project("{FAE04EC0-301F-11D3-BF4B-00C04F79EFBC}") = "DotNetFourFiveTwo", "DotNetFourFiveTwo\DotNetFourFiveTwo.csproj", "{00060416-3F96-42B5-B2AC-5E71961DCC97}"
EndProject
Global
	GlobalSection(SolutionConfigurationPlatforms) = preSolution
		Debug|Any CPU = Debug|Any CPU
		Release|Any CPU = Release|Any CPU
	EndGlobalSection
	GlobalSection(ProjectConfigurationPlatforms) = postSolution
		{00060416-3F96-42B5-B2AC-5E71961DCC97}.Debug|Any CPU.ActiveCfg = Debug|Any CPU
		{00060416-3F96-42B5-B2AC-5E71961DCC97}.Debug|Any CPU.Build.0 = Debug|Any CPU
		{00060416-3F96-42B5-B2AC-5E71961DCC97}.Release|Any CPU.ActiveCfg = Release|Any CPU
		{00060416-3F96-42B5-B2AC-5E71961DCC97}.Release|Any CPU.Build.0 = Release|Any CPU
	EndGlobalSection
	GlobalSection(SolutionProperties) = preSolution
		HideSolutionNode = FALSE
	EndGlobalSection
	GlobalSection(ExtensibilityGlobals) = postSolution
		SolutionGuid = {4035E960-8A8A-483C-B08C-CA8EA8C5A240}
	EndGlobalSection
EndGlobal
